
Microsoft Visual Studio Solution File, Format Version 12.00
# Visual Studio Version 17
VisualStudioVersion = 17.3.32929.385
MinimumVisualStudioVersion = 10.0.40219.1
Project("{FAE04EC0-301F-11D3-BF4B-00C04F79EFBC}") = "Library.Api", "Library.Api\Library.Api.csproj", "{1437DF7C-2DD6-410A-B8B0-BD7B1670FECF}"
EndProject
Global
	GlobalSection(SolutionConfigurationPlatforms) = preSolution
		Debug|Any CPU = Debug|Any CPU
		Release|Any CPU = Release|Any CPU
	EndGlobalSection
	GlobalSection(ProjectConfigurationPlatforms) = postSolution
		{1437DF7C-2DD6-410A-B8B0-BD7B1670FECF}.Debug|Any CPU.ActiveCfg = Debug|Any CPU
		{1437DF7C-2DD6-410A-B8B0-BD7B1670FECF}.Debug|Any CPU.Build.0 = Debug|Any CPU
		{1437DF7C-2DD6-410A-B8B0-BD7B1670FECF}.Release|Any CPU.ActiveCfg = Release|Any CPU
		{1437DF7C-2DD6-410A-B8B0-BD7B1670FECF}.Release|Any CPU.Build.0 = Release|Any CPU
	EndGlobalSection
	GlobalSection(SolutionProperties) = preSolution
		HideSolutionNode = FALSE
	EndGlobalSection
	GlobalSection(ExtensibilityGlobals) = postSolution
		SolutionGuid = {D6DAFA73-3718-49FF-AB9C-A896D09370EA}
	EndGlobalSection
EndGlobal
